// !$*UTF8*$!
{
	archiveVersion = 1;
	classes = {
	};
	objectVersion = 46;
	objects = {

/* Begin PBXBuildFile section */
		006D720419952D00008149E2 /* AVFoundation.framework in Frameworks */ = {isa = PBXBuildFile; fileRef = 006D720219952D00008149E2 /* AVFoundation.framework */; };
		006D720519952D00008149E2 /* CoreMedia.framework in Frameworks */ = {isa = PBXBuildFile; fileRef = 006D720319952D00008149E2 /* CoreMedia.framework */; };
		0091D8F90E81B9330029341E /* OpenGL.framework in Frameworks */ = {isa = PBXBuildFile; fileRef = 0091D8F80E81B9330029341E /* OpenGL.framework */; };
		00B784B30FF439BC000DE1D7 /* Accelerate.framework in Frameworks */ = {isa = PBXBuildFile; fileRef = 00B784AF0FF439BC000DE1D7 /* Accelerate.framework */; };
		00B784B40FF439BC000DE1D7 /* AudioToolbox.framework in Frameworks */ = {isa = PBXBuildFile; fileRef = 00B784B00FF439BC000DE1D7 /* AudioToolbox.framework */; };
		00B784B50FF439BC000DE1D7 /* AudioUnit.framework in Frameworks */ = {isa = PBXBuildFile; fileRef = 00B784B10FF439BC000DE1D7 /* AudioUnit.framework */; };
		00B784B60FF439BC000DE1D7 /* CoreAudio.framework in Frameworks */ = {isa = PBXBuildFile; fileRef = 00B784B20FF439BC000DE1D7 /* CoreAudio.framework */; };
		150037FD19E82B4E00960760 /* SlideAndBounce.cpp in Sources */ = {isa = PBXBuildFile; fileRef = 150037FB19E82B4E00960760 /* SlideAndBounce.cpp */; };
		151E372A19EC258D009C943E /* Cue.cpp in Sources */ = {isa = PBXBuildFile; fileRef = 151E371219EC258D009C943E /* Cue.cpp */; };
		151E372C19EC258D009C943E /* Timeline.cpp in Sources */ = {isa = PBXBuildFile; fileRef = 151E372519EC258D009C943E /* Timeline.cpp */; };
		151E372D19EC258D009C943E /* TimelineItem.cpp in Sources */ = {isa = PBXBuildFile; fileRef = 151E372719EC258D009C943E /* TimelineItem.cpp */; };
		15362C5919D8D97C006BFAF1 /* ConnectionManager.cpp in Sources */ = {isa = PBXBuildFile; fileRef = 15362C5419D8D97C006BFAF1 /* ConnectionManager.cpp */; };
		15362C5A19D8D97C006BFAF1 /* Scene.cpp in Sources */ = {isa = PBXBuildFile; fileRef = 15362C5719D8D97C006BFAF1 /* Scene.cpp */; };
		15362C6119D8DA6C006BFAF1 /* WormBuncher.cpp in Sources */ = {isa = PBXBuildFile; fileRef = 15362C5F19D8DA6C006BFAF1 /* WormBuncher.cpp */; };
		15362C6519D8EB5D006BFAF1 /* CinderApp.icns in Resources */ = {isa = PBXBuildFile; fileRef = 3839DB7C4CB047F2BC061C67 /* CinderApp.icns */; };
		155F87F71A34D53A009A05E3 /* ButtonBase.cpp in Sources */ = {isa = PBXBuildFile; fileRef = 155F87E71A34D53A009A05E3 /* ButtonBase.cpp */; };
		155F87F81A34D53A009A05E3 /* Node.cpp in Sources */ = {isa = PBXBuildFile; fileRef = 155F87EA1A34D53A009A05E3 /* Node.cpp */; };
		155F87FA1A34D53A009A05E3 /* RootNode.cpp in Sources */ = {isa = PBXBuildFile; fileRef = 155F87ED1A34D53A009A05E3 /* RootNode.cpp */; };
		155F87FC1A34D53A009A05E3 /* SimpleButton.cpp in Sources */ = {isa = PBXBuildFile; fileRef = 155F87F11A34D53A009A05E3 /* SimpleButton.cpp */; };
		155F87FD1A34D53A009A05E3 /* TextureNode.cpp in Sources */ = {isa = PBXBuildFile; fileRef = 155F87F31A34D53A009A05E3 /* TextureNode.cpp */; };
		155F87FE1A34D53A009A05E3 /* TypeNode.cpp in Sources */ = {isa = PBXBuildFile; fileRef = 155F87F51A34D53A009A05E3 /* TypeNode.cpp */; };
		155F88011A34D56C009A05E3 /* Locus.cpp in Sources */ = {isa = PBXBuildFile; fileRef = 155F88001A34D56C009A05E3 /* Locus.cpp */; };
		15609E1219E1B81C0053395A /* Repetition.cpp in Sources */ = {isa = PBXBuildFile; fileRef = 15609E1019E1B81C0053395A /* Repetition.cpp */; };
		15609E1519E1CCA20053395A /* BezierConstruction.cpp in Sources */ = {isa = PBXBuildFile; fileRef = 15609E1319E1CCA20053395A /* BezierConstruction.cpp */; };
		15BA7BBC19DF2799003E13A5 /* Quaternions.cpp in Sources */ = {isa = PBXBuildFile; fileRef = 15BA7BBA19DF2799003E13A5 /* Quaternions.cpp */; };
		15C9C2A21B76D76300C38ABF /* IOSurface.framework in Frameworks */ = {isa = PBXBuildFile; fileRef = 15C9C2A11B76D76300C38ABF /* IOSurface.framework */; };
		15C9C2A41B76D76C00C38ABF /* IOKit.framework in Frameworks */ = {isa = PBXBuildFile; fileRef = 15C9C2A31B76D76C00C38ABF /* IOKit.framework */; };
		5323E6B20EAFCA74003A9687 /* CoreVideo.framework in Frameworks */ = {isa = PBXBuildFile; fileRef = 5323E6B10EAFCA74003A9687 /* CoreVideo.framework */; };
		5323E6B60EAFCA7E003A9687 /* QTKit.framework in Frameworks */ = {isa = PBXBuildFile; fileRef = 5323E6B50EAFCA7E003A9687 /* QTKit.framework */; };
		734B27ABC09048BA95ABD6C6 /* SamplesApp.cpp in Sources */ = {isa = PBXBuildFile; fileRef = 97D5B20D41E04ADB9573CB6A /* SamplesApp.cpp */; };
		8D11072F0486CEB800E47090 /* Cocoa.framework in Frameworks */ = {isa = PBXBuildFile; fileRef = 1058C7A1FEA54F0111CA2CBB /* Cocoa.framework */; };
/* End PBXBuildFile section */

/* Begin PBXFileReference section */
		006D720219952D00008149E2 /* AVFoundation.framework */ = {isa = PBXFileReference; lastKnownFileType = wrapper.framework; name = AVFoundation.framework; path = System/Library/Frameworks/AVFoundation.framework; sourceTree = SDKROOT; };
		006D720319952D00008149E2 /* CoreMedia.framework */ = {isa = PBXFileReference; lastKnownFileType = wrapper.framework; name = CoreMedia.framework; path = System/Library/Frameworks/CoreMedia.framework; sourceTree = SDKROOT; };
		0091D8F80E81B9330029341E /* OpenGL.framework */ = {isa = PBXFileReference; lastKnownFileType = wrapper.framework; name = OpenGL.framework; path = /System/Library/Frameworks/OpenGL.framework; sourceTree = "<absolute>"; };
		00B784AF0FF439BC000DE1D7 /* Accelerate.framework */ = {isa = PBXFileReference; lastKnownFileType = wrapper.framework; name = Accelerate.framework; path = System/Library/Frameworks/Accelerate.framework; sourceTree = SDKROOT; };
		00B784B00FF439BC000DE1D7 /* AudioToolbox.framework */ = {isa = PBXFileReference; lastKnownFileType = wrapper.framework; name = AudioToolbox.framework; path = System/Library/Frameworks/AudioToolbox.framework; sourceTree = SDKROOT; };
		00B784B10FF439BC000DE1D7 /* AudioUnit.framework */ = {isa = PBXFileReference; lastKnownFileType = wrapper.framework; name = AudioUnit.framework; path = System/Library/Frameworks/AudioUnit.framework; sourceTree = SDKROOT; };
		00B784B20FF439BC000DE1D7 /* CoreAudio.framework */ = {isa = PBXFileReference; lastKnownFileType = wrapper.framework; name = CoreAudio.framework; path = System/Library/Frameworks/CoreAudio.framework; sourceTree = SDKROOT; };
		0F0179DA2AB04C6B81DB7D50 /* Resources.h */ = {isa = PBXFileReference; lastKnownFileType = sourcecode.c.h; name = Resources.h; path = ../include/Resources.h; sourceTree = "<group>"; };
		1058C7A1FEA54F0111CA2CBB /* Cocoa.framework */ = {isa = PBXFileReference; lastKnownFileType = wrapper.framework; name = Cocoa.framework; path = /System/Library/Frameworks/Cocoa.framework; sourceTree = "<absolute>"; };
		150037FB19E82B4E00960760 /* SlideAndBounce.cpp */ = {isa = PBXFileReference; fileEncoding = 4; lastKnownFileType = sourcecode.cpp.cpp; path = SlideAndBounce.cpp; sourceTree = "<group>"; };
		150037FC19E82B4E00960760 /* SlideAndBounce.h */ = {isa = PBXFileReference; fileEncoding = 4; lastKnownFileType = sourcecode.c.h; path = SlideAndBounce.h; sourceTree = "<group>"; };
		151E371019EC258D009C943E /* Choreograph.h */ = {isa = PBXFileReference; fileEncoding = 4; lastKnownFileType = sourcecode.c.h; path = Choreograph.h; sourceTree = "<group>"; };
		151E371219EC258D009C943E /* Cue.cpp */ = {isa = PBXFileReference; fileEncoding = 4; lastKnownFileType = sourcecode.cpp.cpp; path = Cue.cpp; sourceTree = "<group>"; };
		151E371319EC258D009C943E /* Cue.h */ = {isa = PBXFileReference; fileEncoding = 4; lastKnownFileType = sourcecode.c.h; path = Cue.h; sourceTree = "<group>"; };
		151E371519EC258D009C943E /* VectorManipulation.hpp */ = {isa = PBXFileReference; fileEncoding = 4; lastKnownFileType = sourcecode.cpp.h; path = VectorManipulation.hpp; sourceTree = "<group>"; };
		151E371619EC258D009C943E /* Easing.h */ = {isa = PBXFileReference; fileEncoding = 4; lastKnownFileType = sourcecode.c.h; path = Easing.h; sourceTree = "<group>"; };
		151E371919EC258D009C943E /* Output.hpp */ = {isa = PBXFileReference; fileEncoding = 4; lastKnownFileType = sourcecode.cpp.h; path = Output.hpp; sourceTree = "<group>"; };
		151E371B19EC258D009C943E /* Combine.hpp */ = {isa = PBXFileReference; fileEncoding = 4; lastKnownFileType = sourcecode.cpp.h; path = Combine.hpp; sourceTree = "<group>"; };
		151E371C19EC258D009C943E /* Hold.hpp */ = {isa = PBXFileReference; fileEncoding = 4; lastKnownFileType = sourcecode.cpp.h; path = Hold.hpp; sourceTree = "<group>"; };
		151E371D19EC258D009C943E /* Procedural.hpp */ = {isa = PBXFileReference; fileEncoding = 4; lastKnownFileType = sourcecode.cpp.h; path = Procedural.hpp; sourceTree = "<group>"; };
		151E371E19EC258D009C943E /* Ramp.hpp */ = {isa = PBXFileReference; fileEncoding = 4; lastKnownFileType = sourcecode.cpp.h; path = Ramp.hpp; sourceTree = "<group>"; };
		151E371F19EC258D009C943E /* Retime.hpp */ = {isa = PBXFileReference; fileEncoding = 4; lastKnownFileType = sourcecode.cpp.h; path = Retime.hpp; sourceTree = "<group>"; };
		151E372019EC258D009C943E /* Sugar.hpp */ = {isa = PBXFileReference; fileEncoding = 4; lastKnownFileType = sourcecode.cpp.h; path = Sugar.hpp; sourceTree = "<group>"; };
		151E372119EC258D009C943E /* Phrase.hpp */ = {isa = PBXFileReference; fileEncoding = 4; lastKnownFileType = sourcecode.cpp.h; path = Phrase.hpp; sourceTree = "<group>"; };
		151E372219EC258D009C943E /* Sequence.hpp */ = {isa = PBXFileReference; fileEncoding = 4; lastKnownFileType = sourcecode.cpp.h; path = Sequence.hpp; sourceTree = "<group>"; };
		151E372419EC258D009C943E /* CinderSpecialization.hpp */ = {isa = PBXFileReference; fileEncoding = 4; lastKnownFileType = sourcecode.cpp.h; path = CinderSpecialization.hpp; sourceTree = "<group>"; };
		151E372519EC258D009C943E /* Timeline.cpp */ = {isa = PBXFileReference; fileEncoding = 4; lastKnownFileType = sourcecode.cpp.cpp; path = Timeline.cpp; sourceTree = "<group>"; };
		151E372619EC258D009C943E /* Timeline.h */ = {isa = PBXFileReference; fileEncoding = 4; lastKnownFileType = sourcecode.c.h; path = Timeline.h; sourceTree = "<group>"; };
		151E372719EC258D009C943E /* TimelineItem.cpp */ = {isa = PBXFileReference; fileEncoding = 4; lastKnownFileType = sourcecode.cpp.cpp; path = TimelineItem.cpp; sourceTree = "<group>"; };
		151E372819EC258D009C943E /* TimelineItem.h */ = {isa = PBXFileReference; fileEncoding = 4; lastKnownFileType = sourcecode.c.h; path = TimelineItem.h; sourceTree = "<group>"; };
		151E372919EC258D009C943E /* TimeType.h */ = {isa = PBXFileReference; fileEncoding = 4; lastKnownFileType = sourcecode.c.h; path = TimeType.h; sourceTree = "<group>"; };
		15362C5419D8D97C006BFAF1 /* ConnectionManager.cpp */ = {isa = PBXFileReference; fileEncoding = 4; lastKnownFileType = sourcecode.cpp.cpp; path = ConnectionManager.cpp; sourceTree = "<group>"; };
		15362C5519D8D97C006BFAF1 /* ConnectionManager.h */ = {isa = PBXFileReference; fileEncoding = 4; lastKnownFileType = sourcecode.c.h; path = ConnectionManager.h; sourceTree = "<group>"; };
		15362C5619D8D97C006BFAF1 /* Pockets.h */ = {isa = PBXFileReference; fileEncoding = 4; lastKnownFileType = sourcecode.c.h; path = Pockets.h; sourceTree = "<group>"; };
		15362C5719D8D97C006BFAF1 /* Scene.cpp */ = {isa = PBXFileReference; fileEncoding = 4; lastKnownFileType = sourcecode.cpp.cpp; path = Scene.cpp; sourceTree = "<group>"; };
		15362C5819D8D97C006BFAF1 /* Scene.h */ = {isa = PBXFileReference; fileEncoding = 4; lastKnownFileType = sourcecode.c.h; path = Scene.h; sourceTree = "<group>"; };
		15362C5D19D8DA5B006BFAF1 /* Samples.h */ = {isa = PBXFileReference; fileEncoding = 4; lastKnownFileType = sourcecode.c.h; path = Samples.h; sourceTree = "<group>"; };
		15362C5F19D8DA6C006BFAF1 /* WormBuncher.cpp */ = {isa = PBXFileReference; fileEncoding = 4; lastKnownFileType = sourcecode.cpp.cpp; path = WormBuncher.cpp; sourceTree = "<group>"; };
		15362C6019D8DA6C006BFAF1 /* WormBuncher.h */ = {isa = PBXFileReference; fileEncoding = 4; lastKnownFileType = sourcecode.c.h; path = WormBuncher.h; sourceTree = "<group>"; };
		155F87E71A34D53A009A05E3 /* ButtonBase.cpp */ = {isa = PBXFileReference; fileEncoding = 4; lastKnownFileType = sourcecode.cpp.cpp; path = ButtonBase.cpp; sourceTree = "<group>"; };
		155F87E81A34D53A009A05E3 /* ButtonBase.h */ = {isa = PBXFileReference; fileEncoding = 4; lastKnownFileType = sourcecode.c.h; path = ButtonBase.h; sourceTree = "<group>"; };
		155F87E91A34D53A009A05E3 /* CobWeb.h */ = {isa = PBXFileReference; fileEncoding = 4; lastKnownFileType = sourcecode.c.h; path = CobWeb.h; sourceTree = "<group>"; };
		155F87EA1A34D53A009A05E3 /* Node.cpp */ = {isa = PBXFileReference; fileEncoding = 4; lastKnownFileType = sourcecode.cpp.cpp; path = Node.cpp; sourceTree = "<group>"; };
		155F87EB1A34D53A009A05E3 /* Node.h */ = {isa = PBXFileReference; fileEncoding = 4; lastKnownFileType = sourcecode.c.h; path = Node.h; sourceTree = "<group>"; };
		155F87ED1A34D53A009A05E3 /* RootNode.cpp */ = {isa = PBXFileReference; fileEncoding = 4; lastKnownFileType = sourcecode.cpp.cpp; path = RootNode.cpp; sourceTree = "<group>"; };
		155F87EE1A34D53A009A05E3 /* RootNode.h */ = {isa = PBXFileReference; fileEncoding = 4; lastKnownFileType = sourcecode.c.h; path = RootNode.h; sourceTree = "<group>"; };
		155F87F11A34D53A009A05E3 /* SimpleButton.cpp */ = {isa = PBXFileReference; fileEncoding = 4; lastKnownFileType = sourcecode.cpp.cpp; path = SimpleButton.cpp; sourceTree = "<group>"; };
		155F87F21A34D53A009A05E3 /* SimpleButton.h */ = {isa = PBXFileReference; fileEncoding = 4; lastKnownFileType = sourcecode.c.h; path = SimpleButton.h; sourceTree = "<group>"; };
		155F87F31A34D53A009A05E3 /* TextureNode.cpp */ = {isa = PBXFileReference; fileEncoding = 4; lastKnownFileType = sourcecode.cpp.cpp; path = TextureNode.cpp; sourceTree = "<group>"; };
		155F87F41A34D53A009A05E3 /* TextureNode.h */ = {isa = PBXFileReference; fileEncoding = 4; lastKnownFileType = sourcecode.c.h; path = TextureNode.h; sourceTree = "<group>"; };
		155F87F51A34D53A009A05E3 /* TypeNode.cpp */ = {isa = PBXFileReference; fileEncoding = 4; lastKnownFileType = sourcecode.cpp.cpp; path = TypeNode.cpp; sourceTree = "<group>"; };
		155F87F61A34D53A009A05E3 /* TypeNode.h */ = {isa = PBXFileReference; fileEncoding = 4; lastKnownFileType = sourcecode.c.h; path = TypeNode.h; sourceTree = "<group>"; };
		155F87FF1A34D56C009A05E3 /* Locus.h */ = {isa = PBXFileReference; fileEncoding = 4; lastKnownFileType = sourcecode.c.h; path = Locus.h; sourceTree = "<group>"; };
		155F88001A34D56C009A05E3 /* Locus.cpp */ = {isa = PBXFileReference; fileEncoding = 4; lastKnownFileType = sourcecode.cpp.cpp; path = Locus.cpp; sourceTree = "<group>"; };
		15609E1019E1B81C0053395A /* Repetition.cpp */ = {isa = PBXFileReference; fileEncoding = 4; lastKnownFileType = sourcecode.cpp.cpp; path = Repetition.cpp; sourceTree = "<group>"; };
		15609E1119E1B81C0053395A /* Repetition.h */ = {isa = PBXFileReference; fileEncoding = 4; lastKnownFileType = sourcecode.c.h; path = Repetition.h; sourceTree = "<group>"; };
		15609E1319E1CCA20053395A /* BezierConstruction.cpp */ = {isa = PBXFileReference; fileEncoding = 4; lastKnownFileType = sourcecode.cpp.cpp; path = BezierConstruction.cpp; sourceTree = "<group>"; };
		15609E1419E1CCA20053395A /* BezierConstruction.h */ = {isa = PBXFileReference; fileEncoding = 4; lastKnownFileType = sourcecode.c.h; path = BezierConstruction.h; sourceTree = "<group>"; };
		15BA7BBA19DF2799003E13A5 /* Quaternions.cpp */ = {isa = PBXFileReference; fileEncoding = 4; lastKnownFileType = sourcecode.cpp.cpp; path = Quaternions.cpp; sourceTree = "<group>"; };
		15BA7BBB19DF2799003E13A5 /* Quaternions.h */ = {isa = PBXFileReference; fileEncoding = 4; lastKnownFileType = sourcecode.c.h; path = Quaternions.h; sourceTree = "<group>"; };
		15C9C2A11B76D76300C38ABF /* IOSurface.framework */ = {isa = PBXFileReference; lastKnownFileType = wrapper.framework; name = IOSurface.framework; path = System/Library/Frameworks/IOSurface.framework; sourceTree = SDKROOT; };
		15C9C2A31B76D76C00C38ABF /* IOKit.framework */ = {isa = PBXFileReference; lastKnownFileType = wrapper.framework; name = IOKit.framework; path = System/Library/Frameworks/IOKit.framework; sourceTree = SDKROOT; };
		29B97324FDCFA39411CA2CEA /* AppKit.framework */ = {isa = PBXFileReference; lastKnownFileType = wrapper.framework; name = AppKit.framework; path = /System/Library/Frameworks/AppKit.framework; sourceTree = "<absolute>"; };
		29B97325FDCFA39411CA2CEA /* Foundation.framework */ = {isa = PBXFileReference; lastKnownFileType = wrapper.framework; name = Foundation.framework; path = /System/Library/Frameworks/Foundation.framework; sourceTree = "<absolute>"; };
		2F3A6B0BE73D4A6984B10405 /* Samples_Prefix.pch */ = {isa = PBXFileReference; lastKnownFileType = "\"\""; path = Samples_Prefix.pch; sourceTree = "<group>"; };
		3839DB7C4CB047F2BC061C67 /* CinderApp.icns */ = {isa = PBXFileReference; lastKnownFileType = image.icns; name = CinderApp.icns; path = ../resources/CinderApp.icns; sourceTree = "<group>"; };
		4DA9E18E36634313A4718D00 /* Info.plist */ = {isa = PBXFileReference; lastKnownFileType = text.plist.xml; path = Info.plist; sourceTree = "<group>"; };
		5323E6B10EAFCA74003A9687 /* CoreVideo.framework */ = {isa = PBXFileReference; lastKnownFileType = wrapper.framework; name = CoreVideo.framework; path = /System/Library/Frameworks/CoreVideo.framework; sourceTree = "<absolute>"; };
		5323E6B50EAFCA7E003A9687 /* QTKit.framework */ = {isa = PBXFileReference; lastKnownFileType = wrapper.framework; name = QTKit.framework; path = /System/Library/Frameworks/QTKit.framework; sourceTree = "<absolute>"; };
		8D1107320486CEB800E47090 /* Samples.app */ = {isa = PBXFileReference; explicitFileType = wrapper.application; includeInIndex = 0; path = Samples.app; sourceTree = BUILT_PRODUCTS_DIR; };
		97D5B20D41E04ADB9573CB6A /* SamplesApp.cpp */ = {isa = PBXFileReference; lastKnownFileType = sourcecode.c.cpp; name = SamplesApp.cpp; path = ../src/SamplesApp.cpp; sourceTree = "<group>"; };
/* End PBXFileReference section */

/* Begin PBXFrameworksBuildPhase section */
		8D11072E0486CEB800E47090 /* Frameworks */ = {
			isa = PBXFrameworksBuildPhase;
			buildActionMask = 2147483647;
			files = (
				15C9C2A41B76D76C00C38ABF /* IOKit.framework in Frameworks */,
				15C9C2A21B76D76300C38ABF /* IOSurface.framework in Frameworks */,
				006D720419952D00008149E2 /* AVFoundation.framework in Frameworks */,
				006D720519952D00008149E2 /* CoreMedia.framework in Frameworks */,
				8D11072F0486CEB800E47090 /* Cocoa.framework in Frameworks */,
				0091D8F90E81B9330029341E /* OpenGL.framework in Frameworks */,
				5323E6B20EAFCA74003A9687 /* CoreVideo.framework in Frameworks */,
				5323E6B60EAFCA7E003A9687 /* QTKit.framework in Frameworks */,
				00B784B30FF439BC000DE1D7 /* Accelerate.framework in Frameworks */,
				00B784B40FF439BC000DE1D7 /* AudioToolbox.framework in Frameworks */,
				00B784B50FF439BC000DE1D7 /* AudioUnit.framework in Frameworks */,
				00B784B60FF439BC000DE1D7 /* CoreAudio.framework in Frameworks */,
			);
			runOnlyForDeploymentPostprocessing = 0;
		};
/* End PBXFrameworksBuildPhase section */

/* Begin PBXGroup section */
		01B97315FEAEA392516A2CEA /* Blocks */ = {
			isa = PBXGroup;
			children = (
				15362C5319D8D97C006BFAF1 /* pockets */,
				B9FE625488BB4FF6A7077789 /* Choreograph */,
			);
			name = Blocks;
			sourceTree = "<group>";
		};
		080E96DDFE201D6D7F000001 /* Source */ = {
			isa = PBXGroup;
			children = (
				15362C5B19D8DA53006BFAF1 /* samples */,
				97D5B20D41E04ADB9573CB6A /* SamplesApp.cpp */,
			);
			name = Source;
			sourceTree = "<group>";
		};
		1058C7A0FEA54F0111CA2CBB /* Linked Frameworks */ = {
			isa = PBXGroup;
			children = (
				006D720219952D00008149E2 /* AVFoundation.framework */,
				006D720319952D00008149E2 /* CoreMedia.framework */,
				00B784AF0FF439BC000DE1D7 /* Accelerate.framework */,
				00B784B00FF439BC000DE1D7 /* AudioToolbox.framework */,
				00B784B10FF439BC000DE1D7 /* AudioUnit.framework */,
				00B784B20FF439BC000DE1D7 /* CoreAudio.framework */,
				5323E6B50EAFCA7E003A9687 /* QTKit.framework */,
				5323E6B10EAFCA74003A9687 /* CoreVideo.framework */,
				0091D8F80E81B9330029341E /* OpenGL.framework */,
				1058C7A1FEA54F0111CA2CBB /* Cocoa.framework */,
			);
			name = "Linked Frameworks";
			sourceTree = "<group>";
		};
		1058C7A2FEA54F0111CA2CBB /* Other Frameworks */ = {
			isa = PBXGroup;
			children = (
				29B97324FDCFA39411CA2CEA /* AppKit.framework */,
				29B97325FDCFA39411CA2CEA /* Foundation.framework */,
			);
			name = "Other Frameworks";
			sourceTree = "<group>";
		};
		151E370F19EC258D009C943E /* choreograph */ = {
			isa = PBXGroup;
			children = (
				151E371019EC258D009C943E /* Choreograph.h */,
				151E371219EC258D009C943E /* Cue.cpp */,
				151E371319EC258D009C943E /* Cue.h */,
				151E371419EC258D009C943E /* detail */,
				151E371619EC258D009C943E /* Easing.h */,
				151E371919EC258D009C943E /* Output.hpp */,
				151E371A19EC258D009C943E /* phrase */,
				151E372119EC258D009C943E /* Phrase.hpp */,
				151E372219EC258D009C943E /* Sequence.hpp */,
				151E372319EC258D009C943E /* specialization */,
				151E372519EC258D009C943E /* Timeline.cpp */,
				151E372619EC258D009C943E /* Timeline.h */,
				151E372719EC258D009C943E /* TimelineItem.cpp */,
				151E372819EC258D009C943E /* TimelineItem.h */,
				151E372919EC258D009C943E /* TimeType.h */,
			);
			name = choreograph;
			path = ../../src/choreograph;
			sourceTree = "<group>";
		};
		151E371419EC258D009C943E /* detail */ = {
			isa = PBXGroup;
			children = (
				151E371519EC258D009C943E /* VectorManipulation.hpp */,
			);
			path = detail;
			sourceTree = "<group>";
		};
		151E371A19EC258D009C943E /* phrase */ = {
			isa = PBXGroup;
			children = (
				151E371B19EC258D009C943E /* Combine.hpp */,
				151E371C19EC258D009C943E /* Hold.hpp */,
				151E371D19EC258D009C943E /* Procedural.hpp */,
				151E371E19EC258D009C943E /* Ramp.hpp */,
				151E371F19EC258D009C943E /* Retime.hpp */,
				151E372019EC258D009C943E /* Sugar.hpp */,
			);
			path = phrase;
			sourceTree = "<group>";
		};
		151E372319EC258D009C943E /* specialization */ = {
			isa = PBXGroup;
			children = (
				151E372419EC258D009C943E /* CinderSpecialization.hpp */,
			);
			path = specialization;
			sourceTree = "<group>";
		};
		15362C5319D8D97C006BFAF1 /* pockets */ = {
			isa = PBXGroup;
			children = (
				155F87FF1A34D56C009A05E3 /* Locus.h */,
				155F88001A34D56C009A05E3 /* Locus.cpp */,
				155F87E61A34D53A009A05E3 /* cobweb */,
				15362C5419D8D97C006BFAF1 /* ConnectionManager.cpp */,
				15362C5519D8D97C006BFAF1 /* ConnectionManager.h */,
				15362C5619D8D97C006BFAF1 /* Pockets.h */,
				15362C5719D8D97C006BFAF1 /* Scene.cpp */,
				15362C5819D8D97C006BFAF1 /* Scene.h */,
			);
			name = pockets;
			path = ../src/pockets;
			sourceTree = "<group>";
		};
		15362C5B19D8DA53006BFAF1 /* samples */ = {
			isa = PBXGroup;
			children = (
				15362C5D19D8DA5B006BFAF1 /* Samples.h */,
				15362C5F19D8DA6C006BFAF1 /* WormBuncher.cpp */,
				15362C6019D8DA6C006BFAF1 /* WormBuncher.h */,
				15BA7BBA19DF2799003E13A5 /* Quaternions.cpp */,
				15BA7BBB19DF2799003E13A5 /* Quaternions.h */,
				15609E1019E1B81C0053395A /* Repetition.cpp */,
				15609E1119E1B81C0053395A /* Repetition.h */,
				15609E1319E1CCA20053395A /* BezierConstruction.cpp */,
				15609E1419E1CCA20053395A /* BezierConstruction.h */,
				150037FB19E82B4E00960760 /* SlideAndBounce.cpp */,
				150037FC19E82B4E00960760 /* SlideAndBounce.h */,
			);
			name = samples;
			path = ../src/samples;
			sourceTree = "<group>";
		};
		155F87E61A34D53A009A05E3 /* cobweb */ = {
			isa = PBXGroup;
			children = (
				155F87E71A34D53A009A05E3 /* ButtonBase.cpp */,
				155F87E81A34D53A009A05E3 /* ButtonBase.h */,
				155F87E91A34D53A009A05E3 /* CobWeb.h */,
				155F87EA1A34D53A009A05E3 /* Node.cpp */,
				155F87EB1A34D53A009A05E3 /* Node.h */,
				155F87ED1A34D53A009A05E3 /* RootNode.cpp */,
				155F87EE1A34D53A009A05E3 /* RootNode.h */,
				155F87F11A34D53A009A05E3 /* SimpleButton.cpp */,
				155F87F21A34D53A009A05E3 /* SimpleButton.h */,
				155F87F31A34D53A009A05E3 /* TextureNode.cpp */,
				155F87F41A34D53A009A05E3 /* TextureNode.h */,
				155F87F51A34D53A009A05E3 /* TypeNode.cpp */,
				155F87F61A34D53A009A05E3 /* TypeNode.h */,
			);
			path = cobweb;
			sourceTree = "<group>";
		};
		19C28FACFE9D520D11CA2CBB /* Products */ = {
			isa = PBXGroup;
			children = (
				8D1107320486CEB800E47090 /* Samples.app */,
			);
			name = Products;
			sourceTree = "<group>";
		};
		29B97314FDCFA39411CA2CEA /* Samples */ = {
			isa = PBXGroup;
			children = (
				01B97315FEAEA392516A2CEA /* Blocks */,
				29B97315FDCFA39411CA2CEA /* Headers */,
				080E96DDFE201D6D7F000001 /* Source */,
				29B97317FDCFA39411CA2CEA /* Resources */,
				29B97323FDCFA39411CA2CEA /* Frameworks */,
				19C28FACFE9D520D11CA2CBB /* Products */,
			);
			indentWidth = 2;
			name = Samples;
			sourceTree = "<group>";
			tabWidth = 2;
			usesTabs = 0;
		};
		29B97315FDCFA39411CA2CEA /* Headers */ = {
			isa = PBXGroup;
			children = (
				0F0179DA2AB04C6B81DB7D50 /* Resources.h */,
				2F3A6B0BE73D4A6984B10405 /* Samples_Prefix.pch */,
			);
			name = Headers;
			sourceTree = "<group>";
		};
		29B97317FDCFA39411CA2CEA /* Resources */ = {
			isa = PBXGroup;
			children = (
				3839DB7C4CB047F2BC061C67 /* CinderApp.icns */,
				4DA9E18E36634313A4718D00 /* Info.plist */,
			);
			name = Resources;
			sourceTree = "<group>";
		};
		29B97323FDCFA39411CA2CEA /* Frameworks */ = {
			isa = PBXGroup;
			children = (
				15C9C2A31B76D76C00C38ABF /* IOKit.framework */,
				15C9C2A11B76D76300C38ABF /* IOSurface.framework */,
				1058C7A0FEA54F0111CA2CBB /* Linked Frameworks */,
				1058C7A2FEA54F0111CA2CBB /* Other Frameworks */,
			);
			name = Frameworks;
			sourceTree = "<group>";
		};
		B9FE625488BB4FF6A7077789 /* Choreograph */ = {
			isa = PBXGroup;
			children = (
				C41FBAA23DA948138035B7EB /* src */,
			);
			name = Choreograph;
			sourceTree = "<group>";
		};
		C41FBAA23DA948138035B7EB /* src */ = {
			isa = PBXGroup;
			children = (
				151E370F19EC258D009C943E /* choreograph */,
			);
			name = src;
			sourceTree = "<group>";
		};
/* End PBXGroup section */

/* Begin PBXNativeTarget section */
		8D1107260486CEB800E47090 /* Samples */ = {
			isa = PBXNativeTarget;
			buildConfigurationList = C01FCF4A08A954540054247B /* Build configuration list for PBXNativeTarget "Samples" */;
			buildPhases = (
				8D1107290486CEB800E47090 /* Resources */,
				8D11072C0486CEB800E47090 /* Sources */,
				8D11072E0486CEB800E47090 /* Frameworks */,
			);
			buildRules = (
			);
			dependencies = (
			);
			name = Samples;
			productInstallPath = "$(HOME)/Applications";
			productName = Samples;
			productReference = 8D1107320486CEB800E47090 /* Samples.app */;
			productType = "com.apple.product-type.application";
		};
/* End PBXNativeTarget section */

/* Begin PBXProject section */
		29B97313FDCFA39411CA2CEA /* Project object */ = {
			isa = PBXProject;
			attributes = {
				LastUpgradeCheck = 0600;
			};
			buildConfigurationList = C01FCF4E08A954540054247B /* Build configuration list for PBXProject "Samples" */;
			compatibilityVersion = "Xcode 3.2";
			developmentRegion = English;
			hasScannedForEncodings = 1;
			knownRegions = (
				English,
				Japanese,
				French,
				German,
			);
			mainGroup = 29B97314FDCFA39411CA2CEA /* Samples */;
			projectDirPath = "";
			projectRoot = "";
			targets = (
				8D1107260486CEB800E47090 /* Samples */,
			);
		};
/* End PBXProject section */

/* Begin PBXResourcesBuildPhase section */
		8D1107290486CEB800E47090 /* Resources */ = {
			isa = PBXResourcesBuildPhase;
			buildActionMask = 2147483647;
			files = (
				15362C6519D8EB5D006BFAF1 /* CinderApp.icns in Resources */,
			);
			runOnlyForDeploymentPostprocessing = 0;
		};
/* End PBXResourcesBuildPhase section */

/* Begin PBXSourcesBuildPhase section */
		8D11072C0486CEB800E47090 /* Sources */ = {
			isa = PBXSourcesBuildPhase;
			buildActionMask = 2147483647;
			files = (
				15BA7BBC19DF2799003E13A5 /* Quaternions.cpp in Sources */,
				15609E1219E1B81C0053395A /* Repetition.cpp in Sources */,
				15362C6119D8DA6C006BFAF1 /* WormBuncher.cpp in Sources */,
				155F87FC1A34D53A009A05E3 /* SimpleButton.cpp in Sources */,
				734B27ABC09048BA95ABD6C6 /* SamplesApp.cpp in Sources */,
				155F87F71A34D53A009A05E3 /* ButtonBase.cpp in Sources */,
				15609E1519E1CCA20053395A /* BezierConstruction.cpp in Sources */,
				155F87FE1A34D53A009A05E3 /* TypeNode.cpp in Sources */,
				151E372C19EC258D009C943E /* Timeline.cpp in Sources */,
				155F88011A34D56C009A05E3 /* Locus.cpp in Sources */,
				15362C5919D8D97C006BFAF1 /* ConnectionManager.cpp in Sources */,
				155F87F81A34D53A009A05E3 /* Node.cpp in Sources */,
				15362C5A19D8D97C006BFAF1 /* Scene.cpp in Sources */,
				155F87FA1A34D53A009A05E3 /* RootNode.cpp in Sources */,
				155F87FD1A34D53A009A05E3 /* TextureNode.cpp in Sources */,
				150037FD19E82B4E00960760 /* SlideAndBounce.cpp in Sources */,
				151E372A19EC258D009C943E /* Cue.cpp in Sources */,
				151E372D19EC258D009C943E /* TimelineItem.cpp in Sources */,
			);
			runOnlyForDeploymentPostprocessing = 0;
		};
/* End PBXSourcesBuildPhase section */

/* Begin XCBuildConfiguration section */
		C01FCF4B08A954540054247B /* Debug */ = {
			isa = XCBuildConfiguration;
			buildSettings = {
				CINDER_PATH = "$(CINDER_PATH_IN_BLOCKS)";
				CINDER_PATH_ADJACENT = ../../../cinder/;
				CLANG_CXX_LANGUAGE_STANDARD = "c++14";
				COMBINE_HIDPI_IMAGES = YES;
				COPY_PHASE_STRIP = NO;
				DEAD_CODE_STRIPPING = YES;
				GCC_DYNAMIC_NO_PIC = NO;
				GCC_INLINES_ARE_PRIVATE_EXTERN = YES;
				GCC_OPTIMIZATION_LEVEL = 0;
				GCC_PRECOMPILE_PREFIX_HEADER = YES;
				GCC_PREFIX_HEADER = Samples_Prefix.pch;
				GCC_PREPROCESSOR_DEFINITIONS = (
					"DEBUG=1",
					"$(inherited)",
				);
				GCC_SYMBOLS_PRIVATE_EXTERN = NO;
				INFOPLIST_FILE = Info.plist;
				INSTALL_PATH = "$(HOME)/Applications";
				OTHER_LDFLAGS = "\"$(CINDER_PATH)/lib/libcinder_d.a\"";
				PRODUCT_NAME = Samples;
				SYMROOT = ./build;
				USER_HEADER_SEARCH_PATHS = "\"$(CINDER_PATH)/include\" ../include ../../src ../src";
				WRAPPER_EXTENSION = app;
			};
			name = Debug;
		};
		C01FCF4C08A954540054247B /* Release */ = {
			isa = XCBuildConfiguration;
			buildSettings = {
				CINDER_PATH = "$(CINDER_PATH_IN_BLOCKS)";
				CINDER_PATH_ADJACENT = ../../../cinder/;
				CLANG_CXX_LANGUAGE_STANDARD = "c++14";
				COMBINE_HIDPI_IMAGES = YES;
				DEAD_CODE_STRIPPING = YES;
				DEBUG_INFORMATION_FORMAT = "dwarf-with-dsym";
				GCC_FAST_MATH = YES;
				GCC_GENERATE_DEBUGGING_SYMBOLS = NO;
				GCC_INLINES_ARE_PRIVATE_EXTERN = YES;
				GCC_OPTIMIZATION_LEVEL = 3;
				GCC_PRECOMPILE_PREFIX_HEADER = YES;
				GCC_PREFIX_HEADER = Samples_Prefix.pch;
				GCC_PREPROCESSOR_DEFINITIONS = (
					"NDEBUG=1",
					"$(inherited)",
				);
				GCC_SYMBOLS_PRIVATE_EXTERN = NO;
				INFOPLIST_FILE = Info.plist;
				INSTALL_PATH = "$(HOME)/Applications";
				OTHER_LDFLAGS = "\"$(CINDER_PATH)/lib/libcinder.a\"";
				PRODUCT_NAME = Samples;
				STRIP_INSTALLED_PRODUCT = YES;
				SYMROOT = ./build;
				USER_HEADER_SEARCH_PATHS = "\"$(CINDER_PATH)/include\" ../include ../../src ../src";
				WRAPPER_EXTENSION = app;
			};
			name = Release;
		};
		C01FCF4F08A954540054247B /* Debug */ = {
			isa = XCBuildConfiguration;
			buildSettings = {
				ALWAYS_SEARCH_USER_PATHS = NO;
				CINDER_PATH = "$(CINDER_PATH_IN_BLOCKS)";
				CINDER_PATH_ADJACENT = ../../../cinder/master;
				CINDER_PATH_IN_BLOCKS = ../../../..;
				CLANG_CXX_LANGUAGE_STANDARD = "c++0x";
				CLANG_CXX_LIBRARY = "libc++";
				GCC_WARN_ABOUT_RETURN_TYPE = YES;
				GCC_WARN_UNUSED_VARIABLE = YES;
				HEADER_SEARCH_PATHS = "\"$(CINDER_PATH)/include\"";
				MACOSX_DEPLOYMENT_TARGET = 10.8;
				ONLY_ACTIVE_ARCH = YES;
				SDKROOT = macosx;
				USER_HEADER_SEARCH_PATHS = "\"$(CINDER_PATH)/include\" ../include ../../src";
			};
			name = Debug;
		};
		C01FCF5008A954540054247B /* Release */ = {
			isa = XCBuildConfiguration;
			buildSettings = {
				ALWAYS_SEARCH_USER_PATHS = NO;
				CINDER_PATH = "$(CINDER_PATH_IN_BLOCKS)";
				CINDER_PATH_ADJACENT = ../../../cinder/master;
				CINDER_PATH_IN_BLOCKS = ../../../..;
				CLANG_CXX_LANGUAGE_STANDARD = "c++0x";
				CLANG_CXX_LIBRARY = "libc++";
				GCC_WARN_ABOUT_RETURN_TYPE = YES;
				GCC_WARN_UNUSED_VARIABLE = YES;
				HEADER_SEARCH_PATHS = "\"$(CINDER_PATH)/include\"";
				MACOSX_DEPLOYMENT_TARGET = 10.8;
				SDKROOT = macosx;
				USER_HEADER_SEARCH_PATHS = "\"$(CINDER_PATH)/include\" ../include ../../src";
			};
			name = Release;
		};
/* End XCBuildConfiguration section */

/* Begin XCConfigurationList section */
		C01FCF4A08A954540054247B /* Build configuration list for PBXNativeTarget "Samples" */ = {
			isa = XCConfigurationList;
			buildConfigurations = (
				C01FCF4B08A954540054247B /* Debug */,
				C01FCF4C08A954540054247B /* Release */,
			);
			defaultConfigurationIsVisible = 0;
			defaultConfigurationName = Release;
		};
		C01FCF4E08A954540054247B /* Build configuration list for PBXProject "Samples" */ = {
			isa = XCConfigurationList;
			buildConfigurations = (
				C01FCF4F08A954540054247B /* Debug */,
				C01FCF5008A954540054247B /* Release */,
			);
			defaultConfigurationIsVisible = 0;
			defaultConfigurationName = Release;
		};
/* End XCConfigurationList section */
	};
	rootObject = 29B97313FDCFA39411CA2CEA /* Project object */;
}
