<?xml version="1.0" encoding="utf-8"?>
<Project ToolsVersion="4.0" xmlns="http://schemas.microsoft.com/developer/msbuild/2003">
  <ItemGroup>
    <Filter Include="Source Files">
      <UniqueIdentifier>{4FC737F1-C7A5-4376-A066-2A32D752A2FF}</UniqueIdentifier>
      <Extensions>cpp;c;cc;cxx;def;odl;idl;hpj;bat;asm;asmx</Extensions>
    </Filter>
    <Filter Include="Header Files">
      <UniqueIdentifier>{93995380-89BD-4b04-88EB-625FBE52EBFB}</UniqueIdentifier>
      <Extensions>h;hpp;hxx;hm;inl;inc;xsd</Extensions>
    </Filter>
    <Filter Include="Resource Files">
      <UniqueIdentifier>{67DA6AB6-F800-4c08-8B7A-83BB121AAD01}</UniqueIdentifier>
      <Extensions>rc;ico;cur;bmp;dlg;rc2;rct;bin;rgs;gif;jpg;jpeg;jpe;resx;tiff;tif;png;wav</Extensions>
    </Filter>
    <Filter Include="Blocks">
      <UniqueIdentifier>{CB8F7BF8-1F25-481F-96F3-41B716179514}</UniqueIdentifier>
    </Filter>
    <Filter Include="Blocks\Choreograph">
      <UniqueIdentifier>{42EA787C-65E2-4790-B4AA-51D10E7563AE}</UniqueIdentifier>
    </Filter>
    <Filter Include="Blocks\Choreograph\src">
      <UniqueIdentifier>{6DEEAE35-B313-462C-BBAC-D272EA4707E6}</UniqueIdentifier>
    </Filter>
    <Filter Include="Blocks\Choreograph\src\choreograph">
      <UniqueIdentifier>{6ff8e53b-ddaf-41ce-abef-2dcf0f883a39}</UniqueIdentifier>
    </Filter>
  </ItemGroup>
  <ItemGroup>
    <ClCompile Include="..\src\ChoreographDevApp.cpp">
      <Filter>Source Files</Filter>
    </ClCompile>
    <ClCompile Include="..\src\ChoreographDevApp.cpp">
      <Filter>Source Files</Filter>
    </ClCompile>
    <ClInclude Include="..\include\Resources.h">
      <Filter>Header Files</Filter>
    </ClInclude>
    <ClCompile Include="..\..\src\choreograph\Motion.cpp">
      <Filter>Blocks\Choreograph\src\choreograph</Filter>
    </ClCompile>
    <ClCompile Include="..\..\src\choreograph\Timeline.cpp">
      <Filter>Blocks\Choreograph\src\choreograph</Filter>
    </ClCompile>
  </ItemGroup>
  <ItemGroup>
    <ClInclude Include="..\include\Resources.h">
      <Filter>Header Files</Filter>
    </ClInclude>
    <ClInclude Include="..\..\src\choreograph\Choreograph.hpp">
      <Filter>Blocks\Choreograph\src\choreograph</Filter>
    </ClInclude>
    <ClInclude Include="..\..\src\choreograph\Connection.hpp">
      <Filter>Blocks\Choreograph\src\choreograph</Filter>
    </ClInclude>
    <ClInclude Include="..\..\src\choreograph\detail\VectorManipulation.hpp">
      <Filter>Blocks\Choreograph\src\choreograph</Filter>
    </ClInclude>
    <ClInclude Include="..\..\src\choreograph\Motion.h">
      <Filter>Blocks\Choreograph\src\choreograph</Filter>
    </ClInclude>
    <ClInclude Include="..\..\src\choreograph\Output.hpp">
      <Filter>Blocks\Choreograph\src\choreograph</Filter>
    </ClInclude>
    <ClInclude Include="..\..\src\choreograph\Phrase.hpp">
      <Filter>Blocks\Choreograph\src\choreograph</Filter>
    </ClInclude>
    <ClInclude Include="..\..\src\choreograph\Phrases.hpp">
      <Filter>Blocks\Choreograph\src\choreograph</Filter>
    </ClInclude>
    <ClInclude Include="..\..\src\choreograph\Sequence.hpp">
      <Filter>Blocks\Choreograph\src\choreograph</Filter>
    </ClInclude>
    <ClInclude Include="..\..\src\choreograph\Timeline.h">
      <Filter>Blocks\Choreograph\src\choreograph</Filter>
    </ClInclude>
  </ItemGroup>
  <ItemGroup>
    <ResourceCompile Include="Resources.rc">
      <Filter>Resource Files</Filter>
    </ResourceCompile>
  </ItemGroup>
</Project>