// !$*UTF8*$!
{
	archiveVersion = 1;
	classes = {
	};
	objectVersion = 46;
	objects = {

/* Begin PBXBuildFile section */
		0087D25512CD809F002CD69F /* CoreText.framework in Frameworks */ = {isa = PBXBuildFile; fileRef = 0087D25412CD809F002CD69F /* CoreText.framework */; };
		00A66A361965AC8800B17EB3 /* Accelerate.framework in Frameworks */ = {isa = PBXBuildFile; fileRef = 00A66A351965AC8800B17EB3 /* Accelerate.framework */; };
		00CFDF6B1138442D0091E310 /* CoreGraphics.framework in Frameworks */ = {isa = PBXBuildFile; fileRef = 00CFDF6A1138442D0091E310 /* CoreGraphics.framework */; };
		151E374919EC25E4009C943E /* Cue.cpp in Sources */ = {isa = PBXBuildFile; fileRef = 151E373119EC25E4009C943E /* Cue.cpp */; };
		151E374B19EC25E4009C943E /* Timeline.cpp in Sources */ = {isa = PBXBuildFile; fileRef = 151E374419EC25E4009C943E /* Timeline.cpp */; };
		151E374C19EC25E4009C943E /* TimelineItem.cpp in Sources */ = {isa = PBXBuildFile; fileRef = 151E374619EC25E4009C943E /* TimelineItem.cpp */; };
		155F881A1A34D7EA009A05E3 /* ButtonBase.cpp in Sources */ = {isa = PBXBuildFile; fileRef = 155F88041A34D7EA009A05E3 /* ButtonBase.cpp */; };
		155F881B1A34D7EA009A05E3 /* Node.cpp in Sources */ = {isa = PBXBuildFile; fileRef = 155F88071A34D7EA009A05E3 /* Node.cpp */; };
		155F881D1A34D7EA009A05E3 /* RootNode.cpp in Sources */ = {isa = PBXBuildFile; fileRef = 155F880A1A34D7EA009A05E3 /* RootNode.cpp */; };
		155F881E1A34D7EA009A05E3 /* SimpleButton.cpp in Sources */ = {isa = PBXBuildFile; fileRef = 155F880C1A34D7EA009A05E3 /* SimpleButton.cpp */; };
		155F881F1A34D7EA009A05E3 /* TextureNode.cpp in Sources */ = {isa = PBXBuildFile; fileRef = 155F880E1A34D7EA009A05E3 /* TextureNode.cpp */; };
		155F88201A34D7EA009A05E3 /* TypeNode.cpp in Sources */ = {isa = PBXBuildFile; fileRef = 155F88101A34D7EA009A05E3 /* TypeNode.cpp */; };
		155F88211A34D7EA009A05E3 /* ConnectionManager.cpp in Sources */ = {isa = PBXBuildFile; fileRef = 155F88131A34D7EA009A05E3 /* ConnectionManager.cpp */; };
		155F88221A34D7EA009A05E3 /* Locus.cpp in Sources */ = {isa = PBXBuildFile; fileRef = 155F88151A34D7EA009A05E3 /* Locus.cpp */; };
		155F88231A34D7EA009A05E3 /* Scene.cpp in Sources */ = {isa = PBXBuildFile; fileRef = 155F88181A34D7EA009A05E3 /* Scene.cpp */; };
		159FB4ED1A227975004FE9C1 /* BezierConstruction.cpp in Sources */ = {isa = PBXBuildFile; fileRef = 159FB4E81A227975004FE9C1 /* BezierConstruction.cpp */; };
		159FB4EE1A227975004FE9C1 /* Quaternions.cpp in Sources */ = {isa = PBXBuildFile; fileRef = 159FB4E91A227975004FE9C1 /* Quaternions.cpp */; };
		159FB4EF1A227975004FE9C1 /* Repetition.cpp in Sources */ = {isa = PBXBuildFile; fileRef = 159FB4EA1A227975004FE9C1 /* Repetition.cpp */; };
		159FB4F01A227975004FE9C1 /* SlideAndBounce.cpp in Sources */ = {isa = PBXBuildFile; fileRef = 159FB4EB1A227975004FE9C1 /* SlideAndBounce.cpp */; };
		159FB4F11A227975004FE9C1 /* WormBuncher.cpp in Sources */ = {isa = PBXBuildFile; fileRef = 159FB4EC1A227975004FE9C1 /* WormBuncher.cpp */; };
		15BA7BB819DF2131003E13A5 /* SamplesApp.cpp in Sources */ = {isa = PBXBuildFile; fileRef = 15BA7BB219DF2131003E13A5 /* SamplesApp.cpp */; };
		184311972587400085A8A10D /* CinderApp_ios.png in Resources */ = {isa = PBXBuildFile; fileRef = 61348FC845754FE9A2AF240B /* CinderApp_ios.png */; };
		1D60589F0D05DD5A006BFB54 /* Foundation.framework in Frameworks */ = {isa = PBXBuildFile; fileRef = 1D30AB110D05D00D00671497 /* Foundation.framework */; };
		1DF5F4E00D08C38300B7A737 /* UIKit.framework in Frameworks */ = {isa = PBXBuildFile; fileRef = 1DF5F4DF0D08C38300B7A737 /* UIKit.framework */; };
		28FD15000DC6FC520079059D /* OpenGLES.framework in Frameworks */ = {isa = PBXBuildFile; fileRef = 28FD14FF0DC6FC520079059D /* OpenGLES.framework */; };
		28FD15080DC6FC5B0079059D /* QuartzCore.framework in Frameworks */ = {isa = PBXBuildFile; fileRef = 28FD15070DC6FC5B0079059D /* QuartzCore.framework */; };
		64460EA9B29C4B5E9FDC7E10 /* Default-568h@2x.png in Resources */ = {isa = PBXBuildFile; fileRef = 2F7057466957413A947EFCC7 /* Default-568h@2x.png */; };
		C725DFFE121DAC7F00FA186B /* CoreMedia.framework in Frameworks */ = {isa = PBXBuildFile; fileRef = C727C02B121B400300192073 /* CoreMedia.framework */; settings = {ATTRIBUTES = (Weak, ); }; };
		C725E001121DAC8F00FA186B /* AVFoundation.framework in Frameworks */ = {isa = PBXBuildFile; fileRef = C725E000121DAC8F00FA186B /* AVFoundation.framework */; settings = {ATTRIBUTES = (Weak, ); }; };
		C725E001121DAC8FFFFA18FF /* ImageIO.framework in Frameworks */ = {isa = PBXBuildFile; fileRef = 00CFDF6A1138442D0091FFFF /* ImageIO.framework */; };
		C727C02E121B400300192073 /* CoreVideo.framework in Frameworks */ = {isa = PBXBuildFile; fileRef = C727C02D121B400300192073 /* CoreVideo.framework */; settings = {ATTRIBUTES = (Weak, ); }; };
		C7FB19D6124BC0D70045AFD2 /* AudioToolbox.framework in Frameworks */ = {isa = PBXBuildFile; fileRef = C7FB19D5124BC0D70045AFD2 /* AudioToolbox.framework */; };
		DDDDE001121DAC8FFFFADDDD /* MobileCoreServices.framework in Frameworks */ = {isa = PBXBuildFile; fileRef = DDDDDF6A1138442D0091DDDD /* MobileCoreServices.framework */; };
/* End PBXBuildFile section */

/* Begin PBXFileReference section */
		00692BCF14FF149000D0A05E /* ChoreographChoreographSamples.app */ = {isa = PBXFileReference; explicitFileType = wrapper.application; includeInIndex = 0; path = ChoreographChoreographSamples.app; sourceTree = BUILT_PRODUCTS_DIR; };
		00748057165D41390024B57A /* assets */ = {isa = PBXFileReference; lastKnownFileType = folder; name = assets; path = ../assets; sourceTree = "<group>"; };
		0087D25412CD809F002CD69F /* CoreText.framework */ = {isa = PBXFileReference; lastKnownFileType = wrapper.framework; name = CoreText.framework; path = System/Library/Frameworks/CoreText.framework; sourceTree = SDKROOT; };
		00A66A351965AC8800B17EB3 /* Accelerate.framework */ = {isa = PBXFileReference; lastKnownFileType = wrapper.framework; name = Accelerate.framework; path = System/Library/Frameworks/Accelerate.framework; sourceTree = SDKROOT; };
		00CFDF6A1138442D0091E310 /* CoreGraphics.framework */ = {isa = PBXFileReference; lastKnownFileType = wrapper.framework; name = CoreGraphics.framework; path = System/Library/Frameworks/CoreGraphics.framework; sourceTree = SDKROOT; };
		00CFDF6A1138442D0091FFFF /* ImageIO.framework */ = {isa = PBXFileReference; lastKnownFileType = wrapper.framework; name = ImageIO.framework; path = System/Library/Frameworks/ImageIO.framework; sourceTree = SDKROOT; };
		147F869E7FA44D658396D499 /* ChoreographSamples_Prefix.pch */ = {isa = PBXFileReference; lastKnownFileType = sourcecode.c.h; path = ChoreographSamples_Prefix.pch; sourceTree = "<group>"; };
		151E372F19EC25E4009C943E /* Choreograph.h */ = {isa = PBXFileReference; fileEncoding = 4; lastKnownFileType = sourcecode.c.h; path = Choreograph.h; sourceTree = "<group>"; };
		151E373119EC25E4009C943E /* Cue.cpp */ = {isa = PBXFileReference; fileEncoding = 4; lastKnownFileType = sourcecode.cpp.cpp; path = Cue.cpp; sourceTree = "<group>"; };
		151E373219EC25E4009C943E /* Cue.h */ = {isa = PBXFileReference; fileEncoding = 4; lastKnownFileType = sourcecode.c.h; path = Cue.h; sourceTree = "<group>"; };
		151E373419EC25E4009C943E /* VectorManipulation.hpp */ = {isa = PBXFileReference; fileEncoding = 4; lastKnownFileType = sourcecode.cpp.h; path = VectorManipulation.hpp; sourceTree = "<group>"; };
		151E373519EC25E4009C943E /* Easing.h */ = {isa = PBXFileReference; fileEncoding = 4; lastKnownFileType = sourcecode.c.h; path = Easing.h; sourceTree = "<group>"; };
		151E373819EC25E4009C943E /* Output.hpp */ = {isa = PBXFileReference; fileEncoding = 4; lastKnownFileType = sourcecode.cpp.h; path = Output.hpp; sourceTree = "<group>"; };
		151E373A19EC25E4009C943E /* Combine.hpp */ = {isa = PBXFileReference; fileEncoding = 4; lastKnownFileType = sourcecode.cpp.h; path = Combine.hpp; sourceTree = "<group>"; };
		151E373B19EC25E4009C943E /* Hold.hpp */ = {isa = PBXFileReference; fileEncoding = 4; lastKnownFileType = sourcecode.cpp.h; path = Hold.hpp; sourceTree = "<group>"; };
		151E373C19EC25E4009C943E /* Procedural.hpp */ = {isa = PBXFileReference; fileEncoding = 4; lastKnownFileType = sourcecode.cpp.h; path = Procedural.hpp; sourceTree = "<group>"; };
		151E373D19EC25E4009C943E /* Ramp.hpp */ = {isa = PBXFileReference; fileEncoding = 4; lastKnownFileType = sourcecode.cpp.h; path = Ramp.hpp; sourceTree = "<group>"; };
		151E373E19EC25E4009C943E /* Retime.hpp */ = {isa = PBXFileReference; fileEncoding = 4; lastKnownFileType = sourcecode.cpp.h; path = Retime.hpp; sourceTree = "<group>"; };
		151E373F19EC25E4009C943E /* Sugar.hpp */ = {isa = PBXFileReference; fileEncoding = 4; lastKnownFileType = sourcecode.cpp.h; path = Sugar.hpp; sourceTree = "<group>"; };
		151E374019EC25E4009C943E /* Phrase.hpp */ = {isa = PBXFileReference; fileEncoding = 4; lastKnownFileType = sourcecode.cpp.h; path = Phrase.hpp; sourceTree = "<group>"; };
		151E374119EC25E4009C943E /* Sequence.hpp */ = {isa = PBXFileReference; fileEncoding = 4; lastKnownFileType = sourcecode.cpp.h; path = Sequence.hpp; sourceTree = "<group>"; };
		151E374319EC25E4009C943E /* CinderSpecialization.hpp */ = {isa = PBXFileReference; fileEncoding = 4; lastKnownFileType = sourcecode.cpp.h; path = CinderSpecialization.hpp; sourceTree = "<group>"; };
		151E374419EC25E4009C943E /* Timeline.cpp */ = {isa = PBXFileReference; fileEncoding = 4; lastKnownFileType = sourcecode.cpp.cpp; path = Timeline.cpp; sourceTree = "<group>"; };
		151E374519EC25E4009C943E /* Timeline.h */ = {isa = PBXFileReference; fileEncoding = 4; lastKnownFileType = sourcecode.c.h; path = Timeline.h; sourceTree = "<group>"; };
		151E374619EC25E4009C943E /* TimelineItem.cpp */ = {isa = PBXFileReference; fileEncoding = 4; lastKnownFileType = sourcecode.cpp.cpp; path = TimelineItem.cpp; sourceTree = "<group>"; };
		151E374719EC25E4009C943E /* TimelineItem.h */ = {isa = PBXFileReference; fileEncoding = 4; lastKnownFileType = sourcecode.c.h; path = TimelineItem.h; sourceTree = "<group>"; };
		151E374819EC25E4009C943E /* TimeType.h */ = {isa = PBXFileReference; fileEncoding = 4; lastKnownFileType = sourcecode.c.h; path = TimeType.h; sourceTree = "<group>"; };
		155F88041A34D7EA009A05E3 /* ButtonBase.cpp */ = {isa = PBXFileReference; fileEncoding = 4; lastKnownFileType = sourcecode.cpp.cpp; path = ButtonBase.cpp; sourceTree = "<group>"; };
		155F88051A34D7EA009A05E3 /* ButtonBase.h */ = {isa = PBXFileReference; fileEncoding = 4; lastKnownFileType = sourcecode.c.h; path = ButtonBase.h; sourceTree = "<group>"; };
		155F88061A34D7EA009A05E3 /* CobWeb.h */ = {isa = PBXFileReference; fileEncoding = 4; lastKnownFileType = sourcecode.c.h; path = CobWeb.h; sourceTree = "<group>"; };
		155F88071A34D7EA009A05E3 /* Node.cpp */ = {isa = PBXFileReference; fileEncoding = 4; lastKnownFileType = sourcecode.cpp.cpp; path = Node.cpp; sourceTree = "<group>"; };
		155F88081A34D7EA009A05E3 /* Node.h */ = {isa = PBXFileReference; fileEncoding = 4; lastKnownFileType = sourcecode.c.h; path = Node.h; sourceTree = "<group>"; };
		155F880A1A34D7EA009A05E3 /* RootNode.cpp */ = {isa = PBXFileReference; fileEncoding = 4; lastKnownFileType = sourcecode.cpp.cpp; path = RootNode.cpp; sourceTree = "<group>"; };
		155F880B1A34D7EA009A05E3 /* RootNode.h */ = {isa = PBXFileReference; fileEncoding = 4; lastKnownFileType = sourcecode.c.h; path = RootNode.h; sourceTree = "<group>"; };
		155F880C1A34D7EA009A05E3 /* SimpleButton.cpp */ = {isa = PBXFileReference; fileEncoding = 4; lastKnownFileType = sourcecode.cpp.cpp; path = SimpleButton.cpp; sourceTree = "<group>"; };
		155F880D1A34D7EA009A05E3 /* SimpleButton.h */ = {isa = PBXFileReference; fileEncoding = 4; lastKnownFileType = sourcecode.c.h; path = SimpleButton.h; sourceTree = "<group>"; };
		155F880E1A34D7EA009A05E3 /* TextureNode.cpp */ = {isa = PBXFileReference; fileEncoding = 4; lastKnownFileType = sourcecode.cpp.cpp; path = TextureNode.cpp; sourceTree = "<group>"; };
		155F880F1A34D7EA009A05E3 /* TextureNode.h */ = {isa = PBXFileReference; fileEncoding = 4; lastKnownFileType = sourcecode.c.h; path = TextureNode.h; sourceTree = "<group>"; };
		155F88101A34D7EA009A05E3 /* TypeNode.cpp */ = {isa = PBXFileReference; fileEncoding = 4; lastKnownFileType = sourcecode.cpp.cpp; path = TypeNode.cpp; sourceTree = "<group>"; };
		155F88111A34D7EA009A05E3 /* TypeNode.h */ = {isa = PBXFileReference; fileEncoding = 4; lastKnownFileType = sourcecode.c.h; path = TypeNode.h; sourceTree = "<group>"; };
		155F88121A34D7EA009A05E3 /* CollectionUtilities.hpp */ = {isa = PBXFileReference; fileEncoding = 4; lastKnownFileType = sourcecode.cpp.h; path = CollectionUtilities.hpp; sourceTree = "<group>"; };
		155F88131A34D7EA009A05E3 /* ConnectionManager.cpp */ = {isa = PBXFileReference; fileEncoding = 4; lastKnownFileType = sourcecode.cpp.cpp; path = ConnectionManager.cpp; sourceTree = "<group>"; };
		155F88141A34D7EA009A05E3 /* ConnectionManager.h */ = {isa = PBXFileReference; fileEncoding = 4; lastKnownFileType = sourcecode.c.h; path = ConnectionManager.h; sourceTree = "<group>"; };
		155F88151A34D7EA009A05E3 /* Locus.cpp */ = {isa = PBXFileReference; fileEncoding = 4; lastKnownFileType = sourcecode.cpp.cpp; path = Locus.cpp; sourceTree = "<group>"; };
		155F88161A34D7EA009A05E3 /* Locus.h */ = {isa = PBXFileReference; fileEncoding = 4; lastKnownFileType = sourcecode.c.h; path = Locus.h; sourceTree = "<group>"; };
		155F88171A34D7EA009A05E3 /* Pockets.h */ = {isa = PBXFileReference; fileEncoding = 4; lastKnownFileType = sourcecode.c.h; path = Pockets.h; sourceTree = "<group>"; };
		155F88181A34D7EA009A05E3 /* Scene.cpp */ = {isa = PBXFileReference; fileEncoding = 4; lastKnownFileType = sourcecode.cpp.cpp; path = Scene.cpp; sourceTree = "<group>"; };
		155F88191A34D7EA009A05E3 /* Scene.h */ = {isa = PBXFileReference; fileEncoding = 4; lastKnownFileType = sourcecode.c.h; path = Scene.h; sourceTree = "<group>"; };
		159FB4E21A227975004FE9C1 /* BezierConstruction.h */ = {isa = PBXFileReference; fileEncoding = 4; lastKnownFileType = sourcecode.c.h; path = BezierConstruction.h; sourceTree = "<group>"; };
		159FB4E31A227975004FE9C1 /* Quaternions.h */ = {isa = PBXFileReference; fileEncoding = 4; lastKnownFileType = sourcecode.c.h; path = Quaternions.h; sourceTree = "<group>"; };
		159FB4E41A227975004FE9C1 /* Repetition.h */ = {isa = PBXFileReference; fileEncoding = 4; lastKnownFileType = sourcecode.c.h; path = Repetition.h; sourceTree = "<group>"; };
		159FB4E51A227975004FE9C1 /* Samples.h */ = {isa = PBXFileReference; fileEncoding = 4; lastKnownFileType = sourcecode.c.h; path = Samples.h; sourceTree = "<group>"; };
		159FB4E61A227975004FE9C1 /* SlideAndBounce.h */ = {isa = PBXFileReference; fileEncoding = 4; lastKnownFileType = sourcecode.c.h; path = SlideAndBounce.h; sourceTree = "<group>"; };
		159FB4E71A227975004FE9C1 /* WormBuncher.h */ = {isa = PBXFileReference; fileEncoding = 4; lastKnownFileType = sourcecode.c.h; path = WormBuncher.h; sourceTree = "<group>"; };
		159FB4E81A227975004FE9C1 /* BezierConstruction.cpp */ = {isa = PBXFileReference; fileEncoding = 4; lastKnownFileType = sourcecode.cpp.cpp; path = BezierConstruction.cpp; sourceTree = "<group>"; };
		159FB4E91A227975004FE9C1 /* Quaternions.cpp */ = {isa = PBXFileReference; fileEncoding = 4; lastKnownFileType = sourcecode.cpp.cpp; path = Quaternions.cpp; sourceTree = "<group>"; };
		159FB4EA1A227975004FE9C1 /* Repetition.cpp */ = {isa = PBXFileReference; fileEncoding = 4; lastKnownFileType = sourcecode.cpp.cpp; path = Repetition.cpp; sourceTree = "<group>"; };
		159FB4EB1A227975004FE9C1 /* SlideAndBounce.cpp */ = {isa = PBXFileReference; fileEncoding = 4; lastKnownFileType = sourcecode.cpp.cpp; path = SlideAndBounce.cpp; sourceTree = "<group>"; };
		159FB4EC1A227975004FE9C1 /* WormBuncher.cpp */ = {isa = PBXFileReference; fileEncoding = 4; lastKnownFileType = sourcecode.cpp.cpp; path = WormBuncher.cpp; sourceTree = "<group>"; };
		15BA7BB219DF2131003E13A5 /* SamplesApp.cpp */ = {isa = PBXFileReference; fileEncoding = 4; lastKnownFileType = sourcecode.cpp.cpp; path = SamplesApp.cpp; sourceTree = "<group>"; };
		1D30AB110D05D00D00671497 /* Foundation.framework */ = {isa = PBXFileReference; lastKnownFileType = wrapper.framework; name = Foundation.framework; path = System/Library/Frameworks/Foundation.framework; sourceTree = SDKROOT; };
		1DF5F4DF0D08C38300B7A737 /* UIKit.framework */ = {isa = PBXFileReference; lastKnownFileType = wrapper.framework; name = UIKit.framework; path = System/Library/Frameworks/UIKit.framework; sourceTree = SDKROOT; };
		28FD14FF0DC6FC520079059D /* OpenGLES.framework */ = {isa = PBXFileReference; lastKnownFileType = wrapper.framework; name = OpenGLES.framework; path = System/Library/Frameworks/OpenGLES.framework; sourceTree = SDKROOT; };
		28FD15070DC6FC5B0079059D /* QuartzCore.framework */ = {isa = PBXFileReference; lastKnownFileType = wrapper.framework; name = QuartzCore.framework; path = System/Library/Frameworks/QuartzCore.framework; sourceTree = SDKROOT; };
		2F7057466957413A947EFCC7 /* Default-568h@2x.png */ = {isa = PBXFileReference; lastKnownFileType = "\"\""; path = "Default-568h@2x.png"; sourceTree = "<group>"; };
		353E76E4A52545A2A1F330C1 /* Info.plist */ = {isa = PBXFileReference; lastKnownFileType = text.plist.xml; path = Info.plist; sourceTree = "<group>"; };
		61348FC845754FE9A2AF240B /* CinderApp_ios.png */ = {isa = PBXFileReference; lastKnownFileType = "\"\""; name = CinderApp_ios.png; path = ../resources/CinderApp_ios.png; sourceTree = "<group>"; };
		C725E000121DAC8F00FA186B /* AVFoundation.framework */ = {isa = PBXFileReference; lastKnownFileType = wrapper.framework; name = AVFoundation.framework; path = System/Library/Frameworks/AVFoundation.framework; sourceTree = SDKROOT; };
		C727C02B121B400300192073 /* CoreMedia.framework */ = {isa = PBXFileReference; lastKnownFileType = wrapper.framework; name = CoreMedia.framework; path = System/Library/Frameworks/CoreMedia.framework; sourceTree = SDKROOT; };
		C727C02D121B400300192073 /* CoreVideo.framework */ = {isa = PBXFileReference; lastKnownFileType = wrapper.framework; name = CoreVideo.framework; path = System/Library/Frameworks/CoreVideo.framework; sourceTree = SDKROOT; };
		C7FB19D5124BC0D70045AFD2 /* AudioToolbox.framework */ = {isa = PBXFileReference; lastKnownFileType = wrapper.framework; name = AudioToolbox.framework; path = System/Library/Frameworks/AudioToolbox.framework; sourceTree = SDKROOT; };
		CAB5F6EEFE31476E8E30AFCF /* Resources.h */ = {isa = PBXFileReference; lastKnownFileType = sourcecode.c.h; name = Resources.h; path = ../include/Resources.h; sourceTree = "<group>"; };
		DDDDDF6A1138442D0091DDDD /* MobileCoreServices.framework */ = {isa = PBXFileReference; lastKnownFileType = wrapper.framework; name = MobileCoreServices.framework; path = System/Library/Frameworks/MobileCoreServices.framework; sourceTree = SDKROOT; };
/* End PBXFileReference section */

/* Begin PBXFrameworksBuildPhase section */
		00692BCC14FF149000D0A05E /* Frameworks */ = {
			isa = PBXFrameworksBuildPhase;
			buildActionMask = 2147483647;
			files = (
				C725E001121DAC8F00FA186B /* AVFoundation.framework in Frameworks */,
				C725DFFE121DAC7F00FA186B /* CoreMedia.framework in Frameworks */,
				C725E001121DAC8FFFFA18FF /* ImageIO.framework in Frameworks */,
				DDDDE001121DAC8FFFFADDDD /* MobileCoreServices.framework in Frameworks */,
				1D60589F0D05DD5A006BFB54 /* Foundation.framework in Frameworks */,
				1DF5F4E00D08C38300B7A737 /* UIKit.framework in Frameworks */,
				28FD15000DC6FC520079059D /* OpenGLES.framework in Frameworks */,
				28FD15080DC6FC5B0079059D /* QuartzCore.framework in Frameworks */,
				00CFDF6B1138442D0091E310 /* CoreGraphics.framework in Frameworks */,
				C727C02E121B400300192073 /* CoreVideo.framework in Frameworks */,
				C7FB19D6124BC0D70045AFD2 /* AudioToolbox.framework in Frameworks */,
				00A66A361965AC8800B17EB3 /* Accelerate.framework in Frameworks */,
				0087D25512CD809F002CD69F /* CoreText.framework in Frameworks */,
			);
			runOnlyForDeploymentPostprocessing = 0;
		};
/* End PBXFrameworksBuildPhase section */

/* Begin PBXGroup section */
		00692BC414FF149000D0A05E = {
			isa = PBXGroup;
			children = (
				99692BD914FF149000DFFFFF /* Blocks */,
				99692BD914FF149000D0A05F /* Headers */,
				15BA7BA319DF2131003E13A5 /* src */,
				00692BD914FF149000D0FFFF /* Resources */,
				00692BD214FF149000D0A05E /* Frameworks */,
				00692BD014FF149000D0A05E /* Products */,
			);
			sourceTree = "<group>";
		};
		00692BD014FF149000D0A05E /* Products */ = {
			isa = PBXGroup;
			children = (
				00692BCF14FF149000D0A05E /* ChoreographChoreographSamples.app */,
			);
			name = Products;
			sourceTree = "<group>";
		};
		00692BD214FF149000D0A05E /* Frameworks */ = {
			isa = PBXGroup;
			children = (
				C7FB19D5124BC0D70045AFD2 /* AudioToolbox.framework */,
				00A66A351965AC8800B17EB3 /* Accelerate.framework */,
				C727C02B121B400300192073 /* CoreMedia.framework */,
				C727C02D121B400300192073 /* CoreVideo.framework */,
				28FD15070DC6FC5B0079059D /* QuartzCore.framework */,
				28FD14FF0DC6FC520079059D /* OpenGLES.framework */,
				1DF5F4DF0D08C38300B7A737 /* UIKit.framework */,
				1D30AB110D05D00D00671497 /* Foundation.framework */,
				00CFDF6A1138442D0091E310 /* CoreGraphics.framework */,
				00CFDF6A1138442D0091FFFF /* ImageIO.framework */,
				DDDDDF6A1138442D0091DDDD /* MobileCoreServices.framework */,
				C725E000121DAC8F00FA186B /* AVFoundation.framework */,
				0087D25412CD809F002CD69F /* CoreText.framework */,
			);
			name = Frameworks;
			sourceTree = "<group>";
		};
		00692BD914FF149000D0FFFF /* Resources */ = {
			isa = PBXGroup;
			children = (
				00748057165D41390024B57A /* assets */,
				61348FC845754FE9A2AF240B /* CinderApp_ios.png */,
				2F7057466957413A947EFCC7 /* Default-568h@2x.png */,
				353E76E4A52545A2A1F330C1 /* Info.plist */,
			);
			name = Resources;
			sourceTree = "<group>";
		};
		151E372E19EC25E4009C943E /* choreograph */ = {
			isa = PBXGroup;
			children = (
				151E372F19EC25E4009C943E /* Choreograph.h */,
				151E373119EC25E4009C943E /* Cue.cpp */,
				151E373219EC25E4009C943E /* Cue.h */,
				151E373319EC25E4009C943E /* detail */,
				151E373519EC25E4009C943E /* Easing.h */,
				151E373819EC25E4009C943E /* Output.hpp */,
				151E373919EC25E4009C943E /* phrase */,
				151E374019EC25E4009C943E /* Phrase.hpp */,
				151E374119EC25E4009C943E /* Sequence.hpp */,
				151E374219EC25E4009C943E /* specialization */,
				151E374419EC25E4009C943E /* Timeline.cpp */,
				151E374519EC25E4009C943E /* Timeline.h */,
				151E374619EC25E4009C943E /* TimelineItem.cpp */,
				151E374719EC25E4009C943E /* TimelineItem.h */,
				151E374819EC25E4009C943E /* TimeType.h */,
			);
			name = choreograph;
			path = ../../src/choreograph;
			sourceTree = "<group>";
		};
		151E373319EC25E4009C943E /* detail */ = {
			isa = PBXGroup;
			children = (
				151E373419EC25E4009C943E /* VectorManipulation.hpp */,
			);
			path = detail;
			sourceTree = "<group>";
		};
		151E373919EC25E4009C943E /* phrase */ = {
			isa = PBXGroup;
			children = (
				151E373A19EC25E4009C943E /* Combine.hpp */,
				151E373B19EC25E4009C943E /* Hold.hpp */,
				151E373C19EC25E4009C943E /* Procedural.hpp */,
				151E373D19EC25E4009C943E /* Ramp.hpp */,
				151E373E19EC25E4009C943E /* Retime.hpp */,
				151E373F19EC25E4009C943E /* Sugar.hpp */,
			);
			path = phrase;
			sourceTree = "<group>";
		};
		151E374219EC25E4009C943E /* specialization */ = {
			isa = PBXGroup;
			children = (
				151E374319EC25E4009C943E /* CinderSpecialization.hpp */,
			);
			path = specialization;
			sourceTree = "<group>";
		};
		155F88021A34D7EA009A05E3 /* pockets */ = {
			isa = PBXGroup;
			children = (
				155F88031A34D7EA009A05E3 /* cobweb */,
				155F88121A34D7EA009A05E3 /* CollectionUtilities.hpp */,
				155F88131A34D7EA009A05E3 /* ConnectionManager.cpp */,
				155F88141A34D7EA009A05E3 /* ConnectionManager.h */,
				155F88151A34D7EA009A05E3 /* Locus.cpp */,
				155F88161A34D7EA009A05E3 /* Locus.h */,
				155F88171A34D7EA009A05E3 /* Pockets.h */,
				155F88181A34D7EA009A05E3 /* Scene.cpp */,
				155F88191A34D7EA009A05E3 /* Scene.h */,
			);
			name = pockets;
			path = ../src/pockets;
			sourceTree = "<group>";
		};
		155F88031A34D7EA009A05E3 /* cobweb */ = {
			isa = PBXGroup;
			children = (
				155F88041A34D7EA009A05E3 /* ButtonBase.cpp */,
				155F88051A34D7EA009A05E3 /* ButtonBase.h */,
				155F88061A34D7EA009A05E3 /* CobWeb.h */,
				155F88071A34D7EA009A05E3 /* Node.cpp */,
				155F88081A34D7EA009A05E3 /* Node.h */,
				155F880A1A34D7EA009A05E3 /* RootNode.cpp */,
				155F880B1A34D7EA009A05E3 /* RootNode.h */,
				155F880C1A34D7EA009A05E3 /* SimpleButton.cpp */,
				155F880D1A34D7EA009A05E3 /* SimpleButton.h */,
				155F880E1A34D7EA009A05E3 /* TextureNode.cpp */,
				155F880F1A34D7EA009A05E3 /* TextureNode.h */,
				155F88101A34D7EA009A05E3 /* TypeNode.cpp */,
				155F88111A34D7EA009A05E3 /* TypeNode.h */,
			);
			path = cobweb;
			sourceTree = "<group>";
		};
		15BA7BA319DF2131003E13A5 /* src */ = {
			isa = PBXGroup;
			children = (
				15BA7BAA19DF2131003E13A5 /* samples */,
				15BA7BB219DF2131003E13A5 /* SamplesApp.cpp */,
			);
			name = src;
			path = ../src;
			sourceTree = "<group>";
		};
		15BA7BAA19DF2131003E13A5 /* samples */ = {
			isa = PBXGroup;
			children = (
				159FB4E21A227975004FE9C1 /* BezierConstruction.h */,
				159FB4E31A227975004FE9C1 /* Quaternions.h */,
				159FB4E41A227975004FE9C1 /* Repetition.h */,
				159FB4E51A227975004FE9C1 /* Samples.h */,
				159FB4E61A227975004FE9C1 /* SlideAndBounce.h */,
				159FB4E71A227975004FE9C1 /* WormBuncher.h */,
				159FB4E81A227975004FE9C1 /* BezierConstruction.cpp */,
				159FB4E91A227975004FE9C1 /* Quaternions.cpp */,
				159FB4EA1A227975004FE9C1 /* Repetition.cpp */,
				159FB4EB1A227975004FE9C1 /* SlideAndBounce.cpp */,
				159FB4EC1A227975004FE9C1 /* WormBuncher.cpp */,
			);
			path = samples;
			sourceTree = "<group>";
		};
		99692BD914FF149000D0A05F /* Headers */ = {
			isa = PBXGroup;
			children = (
				CAB5F6EEFE31476E8E30AFCF /* Resources.h */,
				147F869E7FA44D658396D499 /* ChoreographSamples_Prefix.pch */,
			);
			name = Headers;
			sourceTree = "<group>";
		};
		99692BD914FF149000DFFFFF /* Blocks */ = {
			isa = PBXGroup;
			children = (
				155F88021A34D7EA009A05E3 /* pockets */,
				C0FFD290C3464269A7016DEB /* Choreograph */,
			);
			name = Blocks;
			sourceTree = "<group>";
		};
		A6F2F4D9218B4D12AD8CF44B /* src */ = {
			isa = PBXGroup;
			children = (
				151E372E19EC25E4009C943E /* choreograph */,
			);
			name = src;
			sourceTree = "<group>";
		};
		C0FFD290C3464269A7016DEB /* Choreograph */ = {
			isa = PBXGroup;
			children = (
				A6F2F4D9218B4D12AD8CF44B /* src */,
			);
			name = Choreograph;
			sourceTree = "<group>";
		};
/* End PBXGroup section */

/* Begin PBXNativeTarget section */
		00692BCE14FF149000D0A05E /* ChoreographChoreographSamples */ = {
			isa = PBXNativeTarget;
			buildConfigurationList = 00692BF514FF149000D0A05E /* Build configuration list for PBXNativeTarget "ChoreographChoreographSamples" */;
			buildPhases = (
				00692BCB14FF149000D0A05E /* Sources */,
				00692BCC14FF149000D0A05E /* Frameworks */,
				00692BCD14FF149000D0A05E /* Resources */,
			);
			buildRules = (
			);
			dependencies = (
			);
			name = ChoreographChoreographSamples;
			productName = Samples;
			productReference = 00692BCF14FF149000D0A05E /* ChoreographChoreographSamples.app */;
			productType = "com.apple.product-type.application";
		};
/* End PBXNativeTarget section */

/* Begin PBXProject section */
		00692BC614FF149000D0A05E /* Project object */ = {
			isa = PBXProject;
			attributes = {
				TargetAttributes = {
					00692BCE14FF149000D0A05E = {
						DevelopmentTeam = B8H8G2368A;
					};
				};
			};
			buildConfigurationList = 00692BC914FF149000D0A05E /* Build configuration list for PBXProject "ChoreographSamples" */;
			compatibilityVersion = "Xcode 3.2";
			developmentRegion = English;
			hasScannedForEncodings = 0;
			knownRegions = (
				en,
			);
			mainGroup = 00692BC414FF149000D0A05E;
			productRefGroup = 00692BD014FF149000D0A05E /* Products */;
			projectDirPath = "";
			projectRoot = "";
			targets = (
				00692BCE14FF149000D0A05E /* ChoreographChoreographSamples */,
			);
		};
/* End PBXProject section */

/* Begin PBXResourcesBuildPhase section */
		00692BCD14FF149000D0A05E /* Resources */ = {
			isa = PBXResourcesBuildPhase;
			buildActionMask = 2147483647;
			files = (
				184311972587400085A8A10D /* CinderApp_ios.png in Resources */,
				64460EA9B29C4B5E9FDC7E10 /* Default-568h@2x.png in Resources */,
			);
			runOnlyForDeploymentPostprocessing = 0;
		};
/* End PBXResourcesBuildPhase section */

/* Begin PBXSourcesBuildPhase section */
		00692BCB14FF149000D0A05E /* Sources */ = {
			isa = PBXSourcesBuildPhase;
			buildActionMask = 2147483647;
			files = (
				159FB4F01A227975004FE9C1 /* SlideAndBounce.cpp in Sources */,
				155F881B1A34D7EA009A05E3 /* Node.cpp in Sources */,
				15BA7BB819DF2131003E13A5 /* SamplesApp.cpp in Sources */,
				155F88201A34D7EA009A05E3 /* TypeNode.cpp in Sources */,
				155F881F1A34D7EA009A05E3 /* TextureNode.cpp in Sources */,
				155F88231A34D7EA009A05E3 /* Scene.cpp in Sources */,
				151E374B19EC25E4009C943E /* Timeline.cpp in Sources */,
				155F881E1A34D7EA009A05E3 /* SimpleButton.cpp in Sources */,
				159FB4F11A227975004FE9C1 /* WormBuncher.cpp in Sources */,
				155F88211A34D7EA009A05E3 /* ConnectionManager.cpp in Sources */,
				159FB4EE1A227975004FE9C1 /* Quaternions.cpp in Sources */,
				155F88221A34D7EA009A05E3 /* Locus.cpp in Sources */,
				155F881D1A34D7EA009A05E3 /* RootNode.cpp in Sources */,
				159FB4ED1A227975004FE9C1 /* BezierConstruction.cpp in Sources */,
				155F881A1A34D7EA009A05E3 /* ButtonBase.cpp in Sources */,
				151E374919EC25E4009C943E /* Cue.cpp in Sources */,
				159FB4EF1A227975004FE9C1 /* Repetition.cpp in Sources */,
				151E374C19EC25E4009C943E /* TimelineItem.cpp in Sources */,
			);
			runOnlyForDeploymentPostprocessing = 0;
		};
/* End PBXSourcesBuildPhase section */

/* Begin XCBuildConfiguration section */
		00692BF314FF149000D0A05E /* Debug */ = {
			isa = XCBuildConfiguration;
			buildSettings = {
				ALWAYS_SEARCH_USER_PATHS = NO;
				ARCHS = "$(ARCHS_STANDARD_32_BIT)";
				CINDER_PATH = ../../../..;
				CLANG_CXX_LANGUAGE_STANDARD = "c++0x";
				CLANG_CXX_LIBRARY = "libc++";
				"CODE_SIGN_IDENTITY[sdk=iphoneos*]" = "iPhone Developer";
				COPY_PHASE_STRIP = NO;
				DEAD_CODE_STRIPPING = YES;
				GCC_C_LANGUAGE_STANDARD = gnu99;
				GCC_DYNAMIC_NO_PIC = NO;
				GCC_OPTIMIZATION_LEVEL = 0;
				GCC_PREPROCESSOR_DEFINITIONS = (
					"DEBUG=1",
					"$(inherited)",
				);
				GCC_SYMBOLS_PRIVATE_EXTERN = NO;
				GCC_VERSION = com.apple.compilers.llvm.clang.1_0;
				GCC_WARN_ABOUT_MISSING_PROTOTYPES = YES;
				GCC_WARN_ABOUT_RETURN_TYPE = YES;
				GCC_WARN_UNUSED_VARIABLE = YES;
				HEADER_SEARCH_PATHS = "\"$(CINDER_PATH)/boost\"";
				IPHONEOS_DEPLOYMENT_TARGET = 6.0;
				SDKROOT = iphoneos;
				TARGETED_DEVICE_FAMILY = "1,2";
				USER_HEADER_SEARCH_PATHS = "\"$(CINDER_PATH)/include\" ../include ../../src";
			};
			name = Debug;
		};
		00692BF414FF149000D0A05E /* Release */ = {
			isa = XCBuildConfiguration;
			buildSettings = {
				ALWAYS_SEARCH_USER_PATHS = NO;
				ARCHS = "$(ARCHS_STANDARD_32_BIT)";
				CINDER_PATH = ../../../..;
				CLANG_CXX_LANGUAGE_STANDARD = "c++0x";
				CLANG_CXX_LIBRARY = "libc++";
				"CODE_SIGN_IDENTITY[sdk=iphoneos*]" = "iPhone Developer";
				COPY_PHASE_STRIP = YES;
				DEAD_CODE_STRIPPING = YES;
				GCC_C_LANGUAGE_STANDARD = gnu99;
				GCC_PREPROCESSOR_DEFINITIONS = (
					"NDEBUG=1",
					"$(inherited)",
				);
				GCC_VERSION = com.apple.compilers.llvm.clang.1_0;
				GCC_WARN_ABOUT_MISSING_PROTOTYPES = YES;
				GCC_WARN_ABOUT_RETURN_TYPE = YES;
				GCC_WARN_UNUSED_VARIABLE = YES;
				HEADER_SEARCH_PATHS = "\"$(CINDER_PATH)/boost\"";
				IPHONEOS_DEPLOYMENT_TARGET = 6.0;
				OTHER_CFLAGS = "-DNS_BLOCK_ASSERTIONS=1";
				SDKROOT = iphoneos;
				TARGETED_DEVICE_FAMILY = "1,2";
				USER_HEADER_SEARCH_PATHS = "\"$(CINDER_PATH)/include\" ../include ../../src";
				VALIDATE_PRODUCT = YES;
			};
			name = Release;
		};
		00692BF614FF149000D0A05E /* Debug */ = {
			isa = XCBuildConfiguration;
			buildSettings = {
				CLANG_CXX_LANGUAGE_STANDARD = "c++14";
				CODE_SIGN_IDENTITY = "iPhone Developer";
				"CODE_SIGN_IDENTITY[sdk=iphoneos*]" = "iPhone Developer";
				GCC_PRECOMPILE_PREFIX_HEADER = YES;
				GCC_PREFIX_HEADER = ChoreographSamples_Prefix.pch;
				HEADER_SEARCH_PATHS = "\"$(CINDER_PATH)/include\"";
				INFOPLIST_FILE = Info.plist;
				"OTHER_LDFLAGS[sdk=iphoneos*][arch=*]" = (
					"\"$(CINDER_PATH)/lib/libcinder-iphone_d.a\"",
					"-lz",
				);
				"OTHER_LDFLAGS[sdk=iphonesimulator*][arch=*]" = (
					"\"$(CINDER_PATH)/lib/libcinder-iphone-sim_d.a\"",
					"-lz",
				);
				PRODUCT_NAME = ChoreographChoreographSamples;
				PROVISIONING_PROFILE = "";
				USER_HEADER_SEARCH_PATHS = "\"$(CINDER_PATH)/include\" ../include ../../src ../src";
				WRAPPER_EXTENSION = app;
			};
			name = Debug;
		};
		00692BF714FF149000D0A05E /* Release */ = {
			isa = XCBuildConfiguration;
			buildSettings = {
				CLANG_CXX_LANGUAGE_STANDARD = "c++14";
				CODE_SIGN_IDENTITY = "iPhone Developer";
				"CODE_SIGN_IDENTITY[sdk=iphoneos*]" = "iPhone Developer";
				GCC_PRECOMPILE_PREFIX_HEADER = YES;
				GCC_PREFIX_HEADER = ChoreographSamples_Prefix.pch;
				HEADER_SEARCH_PATHS = "\"$(CINDER_PATH)/include\"";
				INFOPLIST_FILE = Info.plist;
				"OTHER_LDFLAGS[sdk=iphoneos*][arch=*]" = (
					"\"$(CINDER_PATH)/lib/libcinder-iphone.a\"",
					"-lz",
				);
				"OTHER_LDFLAGS[sdk=iphonesimulator*][arch=*]" = (
					"\"$(CINDER_PATH)/lib/libcinder-iphone-sim.a\"",
					"-lz",
				);
				PRODUCT_NAME = ChoreographChoreographSamples;
				PROVISIONING_PROFILE = "";
				USER_HEADER_SEARCH_PATHS = "\"$(CINDER_PATH)/include\" ../include ../../src ../src";
				WRAPPER_EXTENSION = app;
			};
			name = Release;
		};
/* End XCBuildConfiguration section */

/* Begin XCConfigurationList section */
		00692BC914FF149000D0A05E /* Build configuration list for PBXProject "ChoreographSamples" */ = {
			isa = XCConfigurationList;
			buildConfigurations = (
				00692BF314FF149000D0A05E /* Debug */,
				00692BF414FF149000D0A05E /* Release */,
			);
			defaultConfigurationIsVisible = 0;
			defaultConfigurationName = Release;
		};
		00692BF514FF149000D0A05E /* Build configuration list for PBXNativeTarget "ChoreographChoreographSamples" */ = {
			isa = XCConfigurationList;
			buildConfigurations = (
				00692BF614FF149000D0A05E /* Debug */,
				00692BF714FF149000D0A05E /* Release */,
			);
			defaultConfigurationIsVisible = 0;
			defaultConfigurationName = Release;
		};
/* End XCConfigurationList section */
	};
	rootObject = 00692BC614FF149000D0A05E /* Project object */;
}
